github.com/MicahParks/jwkset v0.11.3 h1:Phli4RdTDdIdLXZpuO7abkwZyzIk0RDTUPVVBHPRdkQ=
github.com/MicahParks/jwkset v0.11.3/go.mod h1:U2oRhRaLgDCLjtpGL2GseNKGmZtLs/3O7p+OZaL5vo0=
github.com/MicahParks/keyfunc/v3 v3.8.1 h1:VR3jlEs2wz1xGjvUUwUHeoB+eJ6gUnBrpnIByRrtj6g=
github.com/MicahParks/keyfunc/v3 v3.8.1/go.mod h1:LcorJ0sz2tZGvgZqIfaeyLkJmM+kxIfRDu8dFY0TAas=
github.com/go-chi/chi/v5 v5.3.2 h1:5YQkICvTCSZ25hoRsyJazN0scjzKGiu4VAUc7H1o1nY=
github.com/go-chi/chi/v5 v5.3.2/go.mod h1:R+tYY2hNuVUUjxoPtqUdgBqevM9s9njzkTLutVsOCto=
github.com/golang-jwt/jwt/v5 v5.3.1 h1:kYf81DTWFe7t+1VvL7eS+jKFVWaUnK9cB1qbwn63YCY=
github.com/golang-jwt/jwt/v5 v5.3.1/go.mod h1:fxCRLWMO43lRc8nhHWY6LGqRcf+1gQWArsqaEUEa5bE=
github.com/google/uuid v1.6.0 h1:NIvaJDMOsjHA8n1jAhLSgzrAzy1Hgr+hNrb57e+94F0=
github.com/google/uuid v1.6.0/go.mod h1:TIyPZe4MgqvfeYDBFedMoGGpEw/LqOeaOT+nhxU+yHo=
github.com/joho/godotenv v1.5.1 h1:7eLL/+HRGLY0ldzfGMeQkb7vMd0as4CfYvUVzLqw0N0=
github.com/joho/godotenv v1.5.1/go.mod h1:f4LDr5Voq0i2e/R5DDNOoa2zzDfwtkZa6DnEwAbqwq4=
github.com/sbezhuk/beebase-common v0.2.0 h1:+jLEL7ER+lfAE1cJmJPWeubVbzhN0ILNIhw2T+CEymQ=
github.com/sbezhuk/beebase-common v0.2.0/go.mod h1:IRMXOMhhRfummdCFcWfZltKDjBYmAzkwFDFi4sEUMFY=
golang.org/x/time v0.15.0 h1:bbrp8t3bGUeFOx08pvsMYRTCVSMk89u4tKbNOZbp88U=
golang.org/x/time v0.15.0/go.mod h1:Y4YMaQmXwGQZoFaVFk4YpCt4FLQMYKZe9oeV/f4MSno=
